
Microsoft Visual Studio Solution File, Format Version 12.00
# Visual Studio 15
VisualStudioVersion = 15.0.27130.2036
MinimumVisualStudioVersion = 10.0.40219.1
Project("{FAE04EC0-301F-11D3-BF4B-00C04F79EFBC}") = "Explorer", "Explorer\Explorer.csproj", "{31340F9C-9F82-452F-8FC4-C3CBD1AA9552}"
EndProject
Project("{FAE04EC0-301F-11D3-BF4B-00C04F79EFBC}") = "ExplorerLib", "ExplorerLib\ExplorerLib.csproj", "{B766269C-1B57-4B4D-A3B3-0713934F8523}"
EndProject
Global
	GlobalSection(SolutionConfigurationPlatforms) = preSolution
		Debug|Any CPU = Debug|Any CPU
		Release|Any CPU = Release|Any CPU
	EndGlobalSection
	GlobalSection(ProjectConfigurationPlatforms) = postSolution
		{31340F9C-9F82-452F-8FC4-C3CBD1AA9552}.Debug|Any CPU.ActiveCfg = Debug|Any CPU
		{31340F9C-9F82-452F-8FC4-C3CBD1AA9552}.Debug|Any CPU.Build.0 = Debug|Any CPU
		{31340F9C-9F82-452F-8FC4-C3CBD1AA9552}.Release|Any CPU.ActiveCfg = Release|Any CPU
		{31340F9C-9F82-452F-8FC4-C3CBD1AA9552}.Release|Any CPU.Build.0 = Release|Any CPU
		{B766269C-1B57-4B4D-A3B3-0713934F8523}.Debug|Any CPU.ActiveCfg = Debug|Any CPU
		{B766269C-1B57-4B4D-A3B3-0713934F8523}.Debug|Any CPU.Build.0 = Debug|Any CPU
		{B766269C-1B57-4B4D-A3B3-0713934F8523}.Release|Any CPU.ActiveCfg = Release|Any CPU
		{B766269C-1B57-4B4D-A3B3-0713934F8523}.Release|Any CPU.Build.0 = Release|Any CPU
	EndGlobalSection
	GlobalSection(SolutionProperties) = preSolution
		HideSolutionNode = FALSE
	EndGlobalSection
	GlobalSection(ExtensibilityGlobals) = postSolution
		SolutionGuid = {6886BBB1-C873-4B58-A089-B8F6BE990F88}
	EndGlobalSection
EndGlobal
