Microsoft Visual Studio Solution File, Format Version 12.00
# Visual Studio 15
VisualStudioVersion = 15.0.27130.2024
MinimumVisualStudioVersion = 10.0.40219.1
Project("{FAE04EC0-301F-11D3-BF4B-00C04F79EFBC}") = "FileListViewTest", "FileListViewTest\FileListViewTest.csproj", "{4670B970-4B36-42B3-BC50-A196C6A07A51}"
EndProject
Project("{FAE04EC0-301F-11D3-BF4B-00C04F79EFBC}") = "FileListView", "Components\FileListView\FileListView.csproj", "{735CF8EC-A4EF-49A2-BC72-EC360A0185A4}"
EndProject
Project("{FAE04EC0-301F-11D3-BF4B-00C04F79EFBC}") = "FolderBrowser", "Components\FolderBrowser\FolderBrowser.csproj", "{7D4BD5F8-A98E-4966-ABBD-CBE202DFBEF7}"
EndProject
Project("{FAE04EC0-301F-11D3-BF4B-00C04F79EFBC}") = "TestFolderBrowser", "TestFolderBrowser\TestFolderBrowser.csproj", "{64E41F31-9C24-4274-93F1-86DF41EB4D83}"
EndProject
Project("{FAE04EC0-301F-11D3-BF4B-00C04F79EFBC}") = "FileSystemModels", "Components\FileSystemModels\FileSystemModels.csproj", "{391639C4-5C43-4391-9465-27686E82C33F}"
EndProject
Project("{2150E333-8FDC-42A3-9474-1A3956D46DE8}") = "Components", "Components", "{7640CA68-5593-4D5B-894C-950A5127124A}"
EndProject
Project("{FAE04EC0-301F-11D3-BF4B-00C04F79EFBC}") = "ServiceLocator", "Components\ServiceLocator\ServiceLocator.csproj", "{1D2B2142-67D7-48EA-91F9-5E77E29B5AB9}"
EndProject
Project("{FAE04EC0-301F-11D3-BF4B-00C04F79EFBC}") = "FsCore", "Components\FsCore\FsCore.csproj", "{8391F556-C4CB-4AA9-9874-BF665FB2B072}"
EndProject
Project("{FAE04EC0-301F-11D3-BF4B-00C04F79EFBC}") = "WPFProcessingLib", "Components\WPFProcessingLib\WPFProcessingLib.csproj", "{077C358B-9731-4C5E-9EA7-F2CD7487ACBE}"
EndProject
Project("{2150E333-8FDC-42A3-9474-1A3956D46DE8}") = "Solution Items", "Solution Items", "{1A9792A7-D742-449C-9E18-A168734D6B45}"
	ProjectSection(SolutionItems) = preProject
		ToDo.txt = ToDo.txt
	EndProjectSection
EndProject
Global
	GlobalSection(SolutionConfigurationPlatforms) = preSolution
		Debug|Any CPU = Debug|Any CPU
		Debug|Mixed Platforms = Debug|Mixed Platforms
		Debug|x64 = Debug|x64
		Debug|x86 = Debug|x86
		Release|Any CPU = Release|Any CPU
		Release|Mixed Platforms = Release|Mixed Platforms
		Release|x64 = Release|x64
		Release|x86 = Release|x86
	EndGlobalSection
	GlobalSection(ProjectConfigurationPlatforms) = postSolution
		{4670B970-4B36-42B3-BC50-A196C6A07A51}.Debug|Any CPU.ActiveCfg = Debug|Any CPU
		{4670B970-4B36-42B3-BC50-A196C6A07A51}.Debug|Any CPU.Build.0 = Debug|Any CPU
		{4670B970-4B36-42B3-BC50-A196C6A07A51}.Debug|Mixed Platforms.ActiveCfg = Debug|x86
		{4670B970-4B36-42B3-BC50-A196C6A07A51}.Debug|Mixed Platforms.Build.0 = Debug|x86
		{4670B970-4B36-42B3-BC50-A196C6A07A51}.Debug|x64.ActiveCfg = Debug|Any CPU
		{4670B970-4B36-42B3-BC50-A196C6A07A51}.Debug|x64.Build.0 = Debug|Any CPU
		{4670B970-4B36-42B3-BC50-A196C6A07A51}.Debug|x86.ActiveCfg = Debug|x86
		{4670B970-4B36-42B3-BC50-A196C6A07A51}.Debug|x86.Build.0 = Debug|x86
		{4670B970-4B36-42B3-BC50-A196C6A07A51}.Release|Any CPU.ActiveCfg = Release|Any CPU
		{4670B970-4B36-42B3-BC50-A196C6A07A51}.Release|Any CPU.Build.0 = Release|Any CPU
		{4670B970-4B36-42B3-BC50-A196C6A07A51}.Release|Mixed Platforms.ActiveCfg = Release|x86
		{4670B970-4B36-42B3-BC50-A196C6A07A51}.Release|Mixed Platforms.Build.0 = Release|x86
		{4670B970-4B36-42B3-BC50-A196C6A07A51}.Release|x64.ActiveCfg = Release|Any CPU
		{4670B970-4B36-42B3-BC50-A196C6A07A51}.Release|x64.Build.0 = Release|Any CPU
		{4670B970-4B36-42B3-BC50-A196C6A07A51}.Release|x86.ActiveCfg = Release|Any CPU
		{735CF8EC-A4EF-49A2-BC72-EC360A0185A4}.Debug|Any CPU.ActiveCfg = Debug|Any CPU
		{735CF8EC-A4EF-49A2-BC72-EC360A0185A4}.Debug|Any CPU.Build.0 = Debug|Any CPU
		{735CF8EC-A4EF-49A2-BC72-EC360A0185A4}.Debug|Mixed Platforms.ActiveCfg = Debug|x86
		{735CF8EC-A4EF-49A2-BC72-EC360A0185A4}.Debug|Mixed Platforms.Build.0 = Debug|x86
		{735CF8EC-A4EF-49A2-BC72-EC360A0185A4}.Debug|x64.ActiveCfg = Debug|Any CPU
		{735CF8EC-A4EF-49A2-BC72-EC360A0185A4}.Debug|x64.Build.0 = Debug|Any CPU
		{735CF8EC-A4EF-49A2-BC72-EC360A0185A4}.Debug|x86.ActiveCfg = Debug|x86
		{735CF8EC-A4EF-49A2-BC72-EC360A0185A4}.Debug|x86.Build.0 = Debug|x86
		{735CF8EC-A4EF-49A2-BC72-EC360A0185A4}.Release|Any CPU.ActiveCfg = Release|Any CPU
		{735CF8EC-A4EF-49A2-BC72-EC360A0185A4}.Release|Any CPU.Build.0 = Release|Any CPU
		{735CF8EC-A4EF-49A2-BC72-EC360A0185A4}.Release|Mixed Platforms.ActiveCfg = Release|x86
		{735CF8EC-A4EF-49A2-BC72-EC360A0185A4}.Release|Mixed Platforms.Build.0 = Release|x86
		{735CF8EC-A4EF-49A2-BC72-EC360A0185A4}.Release|x64.ActiveCfg = Release|Any CPU
		{735CF8EC-A4EF-49A2-BC72-EC360A0185A4}.Release|x64.Build.0 = Release|Any CPU
		{735CF8EC-A4EF-49A2-BC72-EC360A0185A4}.Release|x86.ActiveCfg = Release|Any CPU
		{7D4BD5F8-A98E-4966-ABBD-CBE202DFBEF7}.Debug|Any CPU.ActiveCfg = Debug|Any CPU
		{7D4BD5F8-A98E-4966-ABBD-CBE202DFBEF7}.Debug|Any CPU.Build.0 = Debug|Any CPU
		{7D4BD5F8-A98E-4966-ABBD-CBE202DFBEF7}.Debug|Mixed Platforms.ActiveCfg = Debug|x86
		{7D4BD5F8-A98E-4966-ABBD-CBE202DFBEF7}.Debug|Mixed Platforms.Build.0 = Debug|x86
		{7D4BD5F8-A98E-4966-ABBD-CBE202DFBEF7}.Debug|x64.ActiveCfg = Debug|Any CPU
		{7D4BD5F8-A98E-4966-ABBD-CBE202DFBEF7}.Debug|x64.Build.0 = Debug|Any CPU
		{7D4BD5F8-A98E-4966-ABBD-CBE202DFBEF7}.Debug|x86.ActiveCfg = Debug|x86
		{7D4BD5F8-A98E-4966-ABBD-CBE202DFBEF7}.Debug|x86.Build.0 = Debug|x86
		{7D4BD5F8-A98E-4966-ABBD-CBE202DFBEF7}.Release|Any CPU.ActiveCfg = Release|Any CPU
		{7D4BD5F8-A98E-4966-ABBD-CBE202DFBEF7}.Release|Any CPU.Build.0 = Release|Any CPU
		{7D4BD5F8-A98E-4966-ABBD-CBE202DFBEF7}.Release|Mixed Platforms.ActiveCfg = Release|x86
		{7D4BD5F8-A98E-4966-ABBD-CBE202DFBEF7}.Release|Mixed Platforms.Build.0 = Release|x86
		{7D4BD5F8-A98E-4966-ABBD-CBE202DFBEF7}.Release|x64.ActiveCfg = Release|Any CPU
		{7D4BD5F8-A98E-4966-ABBD-CBE202DFBEF7}.Release|x64.Build.0 = Release|Any CPU
		{7D4BD5F8-A98E-4966-ABBD-CBE202DFBEF7}.Release|x86.ActiveCfg = Release|Any CPU
		{64E41F31-9C24-4274-93F1-86DF41EB4D83}.Debug|Any CPU.ActiveCfg = Debug|Any CPU
		{64E41F31-9C24-4274-93F1-86DF41EB4D83}.Debug|Any CPU.Build.0 = Debug|Any CPU
		{64E41F31-9C24-4274-93F1-86DF41EB4D83}.Debug|Mixed Platforms.ActiveCfg = Debug|x86
		{64E41F31-9C24-4274-93F1-86DF41EB4D83}.Debug|Mixed Platforms.Build.0 = Debug|x86
		{64E41F31-9C24-4274-93F1-86DF41EB4D83}.Debug|x64.ActiveCfg = Debug|Any CPU
		{64E41F31-9C24-4274-93F1-86DF41EB4D83}.Debug|x64.Build.0 = Debug|Any CPU
		{64E41F31-9C24-4274-93F1-86DF41EB4D83}.Debug|x86.ActiveCfg = Debug|x86
		{64E41F31-9C24-4274-93F1-86DF41EB4D83}.Debug|x86.Build.0 = Debug|x86
		{64E41F31-9C24-4274-93F1-86DF41EB4D83}.Release|Any CPU.ActiveCfg = Release|Any CPU
		{64E41F31-9C24-4274-93F1-86DF41EB4D83}.Release|Any CPU.Build.0 = Release|Any CPU
		{64E41F31-9C24-4274-93F1-86DF41EB4D83}.Release|Mixed Platforms.ActiveCfg = Release|x86
		{64E41F31-9C24-4274-93F1-86DF41EB4D83}.Release|Mixed Platforms.Build.0 = Release|x86
		{64E41F31-9C24-4274-93F1-86DF41EB4D83}.Release|x64.ActiveCfg = Release|Any CPU
		{64E41F31-9C24-4274-93F1-86DF41EB4D83}.Release|x64.Build.0 = Release|Any CPU
		{64E41F31-9C24-4274-93F1-86DF41EB4D83}.Release|x86.ActiveCfg = Release|x86
		{64E41F31-9C24-4274-93F1-86DF41EB4D83}.Release|x86.Build.0 = Release|x86
		{391639C4-5C43-4391-9465-27686E82C33F}.Debug|Any CPU.ActiveCfg = Debug|Any CPU
		{391639C4-5C43-4391-9465-27686E82C33F}.Debug|Any CPU.Build.0 = Debug|Any CPU
		{391639C4-5C43-4391-9465-27686E82C33F}.Debug|Mixed Platforms.ActiveCfg = Debug|x86
		{391639C4-5C43-4391-9465-27686E82C33F}.Debug|Mixed Platforms.Build.0 = Debug|x86
		{391639C4-5C43-4391-9465-27686E82C33F}.Debug|x64.ActiveCfg = Debug|Any CPU
		{391639C4-5C43-4391-9465-27686E82C33F}.Debug|x64.Build.0 = Debug|Any CPU
		{391639C4-5C43-4391-9465-27686E82C33F}.Debug|x86.ActiveCfg = Debug|x86
		{391639C4-5C43-4391-9465-27686E82C33F}.Debug|x86.Build.0 = Debug|x86
		{391639C4-5C43-4391-9465-27686E82C33F}.Release|Any CPU.ActiveCfg = Release|Any CPU
		{391639C4-5C43-4391-9465-27686E82C33F}.Release|Any CPU.Build.0 = Release|Any CPU
		{391639C4-5C43-4391-9465-27686E82C33F}.Release|Mixed Platforms.ActiveCfg = Release|x86
		{391639C4-5C43-4391-9465-27686E82C33F}.Release|Mixed Platforms.Build.0 = Release|x86
		{391639C4-5C43-4391-9465-27686E82C33F}.Release|x64.ActiveCfg = Release|Any CPU
		{391639C4-5C43-4391-9465-27686E82C33F}.Release|x64.Build.0 = Release|Any CPU
		{391639C4-5C43-4391-9465-27686E82C33F}.Release|x86.ActiveCfg = Release|Any CPU
		{1D2B2142-67D7-48EA-91F9-5E77E29B5AB9}.Debug|Any CPU.ActiveCfg = Debug|Any CPU
		{1D2B2142-67D7-48EA-91F9-5E77E29B5AB9}.Debug|Any CPU.Build.0 = Debug|Any CPU
		{1D2B2142-67D7-48EA-91F9-5E77E29B5AB9}.Debug|Mixed Platforms.ActiveCfg = Debug|x86
		{1D2B2142-67D7-48EA-91F9-5E77E29B5AB9}.Debug|Mixed Platforms.Build.0 = Debug|x86
		{1D2B2142-67D7-48EA-91F9-5E77E29B5AB9}.Debug|x64.ActiveCfg = Debug|x64
		{1D2B2142-67D7-48EA-91F9-5E77E29B5AB9}.Debug|x64.Build.0 = Debug|x64
		{1D2B2142-67D7-48EA-91F9-5E77E29B5AB9}.Debug|x86.ActiveCfg = Debug|x86
		{1D2B2142-67D7-48EA-91F9-5E77E29B5AB9}.Debug|x86.Build.0 = Debug|x86
		{1D2B2142-67D7-48EA-91F9-5E77E29B5AB9}.Release|Any CPU.ActiveCfg = Release|Any CPU
		{1D2B2142-67D7-48EA-91F9-5E77E29B5AB9}.Release|Any CPU.Build.0 = Release|Any CPU
		{1D2B2142-67D7-48EA-91F9-5E77E29B5AB9}.Release|Mixed Platforms.ActiveCfg = Release|x86
		{1D2B2142-67D7-48EA-91F9-5E77E29B5AB9}.Release|Mixed Platforms.Build.0 = Release|x86
		{1D2B2142-67D7-48EA-91F9-5E77E29B5AB9}.Release|x64.ActiveCfg = Release|x64
		{1D2B2142-67D7-48EA-91F9-5E77E29B5AB9}.Release|x64.Build.0 = Release|x64
		{1D2B2142-67D7-48EA-91F9-5E77E29B5AB9}.Release|x86.ActiveCfg = Release|x86
		{1D2B2142-67D7-48EA-91F9-5E77E29B5AB9}.Release|x86.Build.0 = Release|x86
		{8391F556-C4CB-4AA9-9874-BF665FB2B072}.Debug|Any CPU.ActiveCfg = Debug|Any CPU
		{8391F556-C4CB-4AA9-9874-BF665FB2B072}.Debug|Any CPU.Build.0 = Debug|Any CPU
		{8391F556-C4CB-4AA9-9874-BF665FB2B072}.Debug|Mixed Platforms.ActiveCfg = Debug|x86
		{8391F556-C4CB-4AA9-9874-BF665FB2B072}.Debug|Mixed Platforms.Build.0 = Debug|x86
		{8391F556-C4CB-4AA9-9874-BF665FB2B072}.Debug|x64.ActiveCfg = Debug|x64
		{8391F556-C4CB-4AA9-9874-BF665FB2B072}.Debug|x64.Build.0 = Debug|x64
		{8391F556-C4CB-4AA9-9874-BF665FB2B072}.Debug|x86.ActiveCfg = Debug|x86
		{8391F556-C4CB-4AA9-9874-BF665FB2B072}.Debug|x86.Build.0 = Debug|x86
		{8391F556-C4CB-4AA9-9874-BF665FB2B072}.Release|Any CPU.ActiveCfg = Release|Any CPU
		{8391F556-C4CB-4AA9-9874-BF665FB2B072}.Release|Any CPU.Build.0 = Release|Any CPU
		{8391F556-C4CB-4AA9-9874-BF665FB2B072}.Release|Mixed Platforms.ActiveCfg = Release|x86
		{8391F556-C4CB-4AA9-9874-BF665FB2B072}.Release|Mixed Platforms.Build.0 = Release|x86
		{8391F556-C4CB-4AA9-9874-BF665FB2B072}.Release|x64.ActiveCfg = Release|x64
		{8391F556-C4CB-4AA9-9874-BF665FB2B072}.Release|x64.Build.0 = Release|x64
		{8391F556-C4CB-4AA9-9874-BF665FB2B072}.Release|x86.ActiveCfg = Release|x86
		{8391F556-C4CB-4AA9-9874-BF665FB2B072}.Release|x86.Build.0 = Release|x86
		{077C358B-9731-4C5E-9EA7-F2CD7487ACBE}.Debug|Any CPU.ActiveCfg = Debug|Any CPU
		{077C358B-9731-4C5E-9EA7-F2CD7487ACBE}.Debug|Any CPU.Build.0 = Debug|Any CPU
		{077C358B-9731-4C5E-9EA7-F2CD7487ACBE}.Debug|Mixed Platforms.ActiveCfg = Debug|x86
		{077C358B-9731-4C5E-9EA7-F2CD7487ACBE}.Debug|Mixed Platforms.Build.0 = Debug|x86
		{077C358B-9731-4C5E-9EA7-F2CD7487ACBE}.Debug|x64.ActiveCfg = Debug|x64
		{077C358B-9731-4C5E-9EA7-F2CD7487ACBE}.Debug|x64.Build.0 = Debug|x64
		{077C358B-9731-4C5E-9EA7-F2CD7487ACBE}.Debug|x86.ActiveCfg = Debug|x86
		{077C358B-9731-4C5E-9EA7-F2CD7487ACBE}.Debug|x86.Build.0 = Debug|x86
		{077C358B-9731-4C5E-9EA7-F2CD7487ACBE}.Release|Any CPU.ActiveCfg = Release|Any CPU
		{077C358B-9731-4C5E-9EA7-F2CD7487ACBE}.Release|Any CPU.Build.0 = Release|Any CPU
		{077C358B-9731-4C5E-9EA7-F2CD7487ACBE}.Release|Mixed Platforms.ActiveCfg = Release|x86
		{077C358B-9731-4C5E-9EA7-F2CD7487ACBE}.Release|Mixed Platforms.Build.0 = Release|x86
		{077C358B-9731-4C5E-9EA7-F2CD7487ACBE}.Release|x64.ActiveCfg = Release|x64
		{077C358B-9731-4C5E-9EA7-F2CD7487ACBE}.Release|x64.Build.0 = Release|x64
		{077C358B-9731-4C5E-9EA7-F2CD7487ACBE}.Release|x86.ActiveCfg = Release|x86
		{077C358B-9731-4C5E-9EA7-F2CD7487ACBE}.Release|x86.Build.0 = Release|x86
	EndGlobalSection
	GlobalSection(SolutionProperties) = preSolution
		HideSolutionNode = FALSE
	EndGlobalSection
	GlobalSection(NestedProjects) = preSolution
		{735CF8EC-A4EF-49A2-BC72-EC360A0185A4} = {7640CA68-5593-4D5B-894C-950A5127124A}
		{7D4BD5F8-A98E-4966-ABBD-CBE202DFBEF7} = {7640CA68-5593-4D5B-894C-950A5127124A}
		{391639C4-5C43-4391-9465-27686E82C33F} = {7640CA68-5593-4D5B-894C-950A5127124A}
		{1D2B2142-67D7-48EA-91F9-5E77E29B5AB9} = {7640CA68-5593-4D5B-894C-950A5127124A}
		{8391F556-C4CB-4AA9-9874-BF665FB2B072} = {7640CA68-5593-4D5B-894C-950A5127124A}
		{077C358B-9731-4C5E-9EA7-F2CD7487ACBE} = {7640CA68-5593-4D5B-894C-950A5127124A}
	EndGlobalSection
	GlobalSection(ExtensibilityGlobals) = postSolution
		SolutionGuid = {F93EF9FB-0EF4-471F-B07C-67ABD7D2E81F}
	EndGlobalSection
EndGlobal
