Microsoft Visual Studio Solution File, Format Version 12.00
# Visual Studio Express 2013 for Windows Desktop
VisualStudioVersion = 12.0.21005.1
MinimumVisualStudioVersion = 10.0.40219.1
Project("{2150E333-8FDC-42A3-9474-1A3956D46DE8}") = "Folder Browser", "Folder Browser", "{C7A9E1F8-38FD-4268-BFC5-473CF16471D9}"
EndProject
Project("{FAE04EC0-301F-11D3-BF4B-00C04F79EFBC}") = "FileListViewTest", "FileListViewTest\FileListViewTest.csproj", "{4670B970-4B36-42B3-BC50-A196C6A07A51}"
EndProject
Project("{FAE04EC0-301F-11D3-BF4B-00C04F79EFBC}") = "FileListView", "FileListView\FileListView.csproj", "{735CF8EC-A4EF-49A2-BC72-EC360A0185A4}"
EndProject
Project("{FAE04EC0-301F-11D3-BF4B-00C04F79EFBC}") = "FolderBrowser", "FolderBrowser\FolderBrowser\FolderBrowser.csproj", "{0B8C3B19-940D-408D-9F6B-4AFEE7246642}"
EndProject
Project("{FAE04EC0-301F-11D3-BF4B-00C04F79EFBC}") = "TestFolderBrowser", "FolderBrowser\TestFolderBrowser\TestFolderBrowser.csproj", "{64E41F31-9C24-4274-93F1-86DF41EB4D83}"
EndProject
Project("{FAE04EC0-301F-11D3-BF4B-00C04F79EFBC}") = "FileSystemModels", "FileSystemModels\FileSystemModels.csproj", "{C3EB23FD-78E7-4298-922C-48C254551CC9}"
EndProject
Project("{FAE04EC0-301F-11D3-BF4B-00C04F79EFBC}") = "InplaceEditBoxLib", "InplaceEditBoxLib\InplaceEditBoxLib.csproj", "{B1F5CF22-F192-4DAE-BDF3-C0C604A29C88}"
EndProject
Global
	GlobalSection(SolutionConfigurationPlatforms) = preSolution
		Debug|Any CPU = Debug|Any CPU
		Debug|Mixed Platforms = Debug|Mixed Platforms
		Debug|x86 = Debug|x86
		Release|Any CPU = Release|Any CPU
		Release|Mixed Platforms = Release|Mixed Platforms
		Release|x86 = Release|x86
	EndGlobalSection
	GlobalSection(ProjectConfigurationPlatforms) = postSolution
		{4670B970-4B36-42B3-BC50-A196C6A07A51}.Debug|Any CPU.ActiveCfg = Debug|Any CPU
		{4670B970-4B36-42B3-BC50-A196C6A07A51}.Debug|Any CPU.Build.0 = Debug|Any CPU
		{4670B970-4B36-42B3-BC50-A196C6A07A51}.Debug|Mixed Platforms.ActiveCfg = Debug|x86
		{4670B970-4B36-42B3-BC50-A196C6A07A51}.Debug|Mixed Platforms.Build.0 = Debug|x86
		{4670B970-4B36-42B3-BC50-A196C6A07A51}.Debug|x86.ActiveCfg = Debug|x86
		{4670B970-4B36-42B3-BC50-A196C6A07A51}.Debug|x86.Build.0 = Debug|x86
		{4670B970-4B36-42B3-BC50-A196C6A07A51}.Release|Any CPU.ActiveCfg = Release|Any CPU
		{4670B970-4B36-42B3-BC50-A196C6A07A51}.Release|Any CPU.Build.0 = Release|Any CPU
		{4670B970-4B36-42B3-BC50-A196C6A07A51}.Release|Mixed Platforms.ActiveCfg = Release|x86
		{4670B970-4B36-42B3-BC50-A196C6A07A51}.Release|Mixed Platforms.Build.0 = Release|x86
		{4670B970-4B36-42B3-BC50-A196C6A07A51}.Release|x86.ActiveCfg = Release|Any CPU
		{735CF8EC-A4EF-49A2-BC72-EC360A0185A4}.Debug|Any CPU.ActiveCfg = Debug|Any CPU
		{735CF8EC-A4EF-49A2-BC72-EC360A0185A4}.Debug|Any CPU.Build.0 = Debug|Any CPU
		{735CF8EC-A4EF-49A2-BC72-EC360A0185A4}.Debug|Mixed Platforms.ActiveCfg = Debug|x86
		{735CF8EC-A4EF-49A2-BC72-EC360A0185A4}.Debug|Mixed Platforms.Build.0 = Debug|x86
		{735CF8EC-A4EF-49A2-BC72-EC360A0185A4}.Debug|x86.ActiveCfg = Debug|x86
		{735CF8EC-A4EF-49A2-BC72-EC360A0185A4}.Debug|x86.Build.0 = Debug|x86
		{735CF8EC-A4EF-49A2-BC72-EC360A0185A4}.Release|Any CPU.ActiveCfg = Release|Any CPU
		{735CF8EC-A4EF-49A2-BC72-EC360A0185A4}.Release|Any CPU.Build.0 = Release|Any CPU
		{735CF8EC-A4EF-49A2-BC72-EC360A0185A4}.Release|Mixed Platforms.ActiveCfg = Release|x86
		{735CF8EC-A4EF-49A2-BC72-EC360A0185A4}.Release|Mixed Platforms.Build.0 = Release|x86
		{735CF8EC-A4EF-49A2-BC72-EC360A0185A4}.Release|x86.ActiveCfg = Release|Any CPU
		{0B8C3B19-940D-408D-9F6B-4AFEE7246642}.Debug|Any CPU.ActiveCfg = Debug|Any CPU
		{0B8C3B19-940D-408D-9F6B-4AFEE7246642}.Debug|Any CPU.Build.0 = Debug|Any CPU
		{0B8C3B19-940D-408D-9F6B-4AFEE7246642}.Debug|Mixed Platforms.ActiveCfg = Debug|x86
		{0B8C3B19-940D-408D-9F6B-4AFEE7246642}.Debug|Mixed Platforms.Build.0 = Debug|x86
		{0B8C3B19-940D-408D-9F6B-4AFEE7246642}.Debug|x86.ActiveCfg = Debug|x86
		{0B8C3B19-940D-408D-9F6B-4AFEE7246642}.Debug|x86.Build.0 = Debug|x86
		{0B8C3B19-940D-408D-9F6B-4AFEE7246642}.Release|Any CPU.ActiveCfg = Release|Any CPU
		{0B8C3B19-940D-408D-9F6B-4AFEE7246642}.Release|Any CPU.Build.0 = Release|Any CPU
		{0B8C3B19-940D-408D-9F6B-4AFEE7246642}.Release|Mixed Platforms.ActiveCfg = Release|x86
		{0B8C3B19-940D-408D-9F6B-4AFEE7246642}.Release|Mixed Platforms.Build.0 = Release|x86
		{0B8C3B19-940D-408D-9F6B-4AFEE7246642}.Release|x86.ActiveCfg = Release|Any CPU
		{64E41F31-9C24-4274-93F1-86DF41EB4D83}.Debug|Any CPU.ActiveCfg = Debug|Any CPU
		{64E41F31-9C24-4274-93F1-86DF41EB4D83}.Debug|Any CPU.Build.0 = Debug|Any CPU
		{64E41F31-9C24-4274-93F1-86DF41EB4D83}.Debug|Mixed Platforms.ActiveCfg = Debug|x86
		{64E41F31-9C24-4274-93F1-86DF41EB4D83}.Debug|Mixed Platforms.Build.0 = Debug|x86
		{64E41F31-9C24-4274-93F1-86DF41EB4D83}.Debug|x86.ActiveCfg = Debug|x86
		{64E41F31-9C24-4274-93F1-86DF41EB4D83}.Debug|x86.Build.0 = Debug|x86
		{64E41F31-9C24-4274-93F1-86DF41EB4D83}.Release|Any CPU.ActiveCfg = Release|Any CPU
		{64E41F31-9C24-4274-93F1-86DF41EB4D83}.Release|Any CPU.Build.0 = Release|Any CPU
		{64E41F31-9C24-4274-93F1-86DF41EB4D83}.Release|Mixed Platforms.ActiveCfg = Release|x86
		{64E41F31-9C24-4274-93F1-86DF41EB4D83}.Release|Mixed Platforms.Build.0 = Release|x86
		{64E41F31-9C24-4274-93F1-86DF41EB4D83}.Release|x86.ActiveCfg = Release|x86
		{64E41F31-9C24-4274-93F1-86DF41EB4D83}.Release|x86.Build.0 = Release|x86
		{C3EB23FD-78E7-4298-922C-48C254551CC9}.Debug|Any CPU.ActiveCfg = Debug|Any CPU
		{C3EB23FD-78E7-4298-922C-48C254551CC9}.Debug|Any CPU.Build.0 = Debug|Any CPU
		{C3EB23FD-78E7-4298-922C-48C254551CC9}.Debug|Mixed Platforms.ActiveCfg = Debug|x86
		{C3EB23FD-78E7-4298-922C-48C254551CC9}.Debug|Mixed Platforms.Build.0 = Debug|x86
		{C3EB23FD-78E7-4298-922C-48C254551CC9}.Debug|x86.ActiveCfg = Debug|x86
		{C3EB23FD-78E7-4298-922C-48C254551CC9}.Debug|x86.Build.0 = Debug|x86
		{C3EB23FD-78E7-4298-922C-48C254551CC9}.Release|Any CPU.ActiveCfg = Release|Any CPU
		{C3EB23FD-78E7-4298-922C-48C254551CC9}.Release|Any CPU.Build.0 = Release|Any CPU
		{C3EB23FD-78E7-4298-922C-48C254551CC9}.Release|Mixed Platforms.ActiveCfg = Release|Any CPU
		{C3EB23FD-78E7-4298-922C-48C254551CC9}.Release|Mixed Platforms.Build.0 = Release|Any CPU
		{C3EB23FD-78E7-4298-922C-48C254551CC9}.Release|x86.ActiveCfg = Release|Any CPU
		{B1F5CF22-F192-4DAE-BDF3-C0C604A29C88}.Debug|Any CPU.ActiveCfg = Debug|Any CPU
		{B1F5CF22-F192-4DAE-BDF3-C0C604A29C88}.Debug|Any CPU.Build.0 = Debug|Any CPU
		{B1F5CF22-F192-4DAE-BDF3-C0C604A29C88}.Debug|Mixed Platforms.ActiveCfg = Debug|Any CPU
		{B1F5CF22-F192-4DAE-BDF3-C0C604A29C88}.Debug|Mixed Platforms.Build.0 = Debug|Any CPU
		{B1F5CF22-F192-4DAE-BDF3-C0C604A29C88}.Debug|x86.ActiveCfg = Debug|x86
		{B1F5CF22-F192-4DAE-BDF3-C0C604A29C88}.Debug|x86.Build.0 = Debug|x86
		{B1F5CF22-F192-4DAE-BDF3-C0C604A29C88}.Release|Any CPU.ActiveCfg = Release|Any CPU
		{B1F5CF22-F192-4DAE-BDF3-C0C604A29C88}.Release|Any CPU.Build.0 = Release|Any CPU
		{B1F5CF22-F192-4DAE-BDF3-C0C604A29C88}.Release|Mixed Platforms.ActiveCfg = Release|Any CPU
		{B1F5CF22-F192-4DAE-BDF3-C0C604A29C88}.Release|Mixed Platforms.Build.0 = Release|Any CPU
		{B1F5CF22-F192-4DAE-BDF3-C0C604A29C88}.Release|x86.ActiveCfg = Release|Any CPU
	EndGlobalSection
	GlobalSection(SolutionProperties) = preSolution
		HideSolutionNode = FALSE
	EndGlobalSection
	GlobalSection(NestedProjects) = preSolution
		{0B8C3B19-940D-408D-9F6B-4AFEE7246642} = {C7A9E1F8-38FD-4268-BFC5-473CF16471D9}
		{64E41F31-9C24-4274-93F1-86DF41EB4D83} = {C7A9E1F8-38FD-4268-BFC5-473CF16471D9}
	EndGlobalSection
EndGlobal
