Microsoft Visual Studio Solution File, Format Version 12.00
# Visual Studio 15
VisualStudioVersion = 15.0.27130.2036
MinimumVisualStudioVersion = 10.0.40219.1
Project("{FAE04EC0-301F-11D3-BF4B-00C04F79EFBC}") = "ExplorerTestMLib", "Apps\ExplorerTestMLib\ExplorerTestMLib.csproj", "{317E5BC2-A76E-4673-8D0E-92E6D4796231}"
EndProject
Project("{FAE04EC0-301F-11D3-BF4B-00C04F79EFBC}") = "ExplorerTest", "Apps\ExplorerTest\ExplorerTest.csproj", "{4670B970-4B36-42B3-BC50-A196C6A07A51}"
EndProject
Project("{FAE04EC0-301F-11D3-BF4B-00C04F79EFBC}") = "ExplorerTestLib", "Apps\ExplorerTestLib\ExplorerTestLib.csproj", "{ABD0C546-0168-49B9-9C27-C7211293D461}"
EndProject
Project("{FAE04EC0-301F-11D3-BF4B-00C04F79EFBC}") = "BindToMLib", "Apps\BindToMLib\BindToMLib.csproj", "{DEC77495-6E48-4F66-B22B-E9BA2CA6E257}"
EndProject
Project("{FAE04EC0-301F-11D3-BF4B-00C04F79EFBC}") = "ServiceLocator", "Components\ServiceLocator\ServiceLocator.csproj", "{252126D1-E1D9-49C3-910B-FCF2266265EF}"
EndProject
Project("{2150E333-8FDC-42A3-9474-1A3956D46DE8}") = "Components", "Components", "{3C4A6BBD-0C02-4E1D-9CAD-8E030C8F6560}"
EndProject
Project("{2150E333-8FDC-42A3-9474-1A3956D46DE8}") = "Settings", "Settings", "{F4A2F193-4F08-40A0-8B9D-4416DA8D46E0}"
EndProject
Project("{FAE04EC0-301F-11D3-BF4B-00C04F79EFBC}") = "Settings", "Components\Settings\Settings\Settings.csproj", "{2807B493-CC2E-402E-901A-EB138698FEDC}"
EndProject
Project("{FAE04EC0-301F-11D3-BF4B-00C04F79EFBC}") = "SettingsModel", "Components\Settings\SettingsModel\SettingsModel.csproj", "{9B0BA841-5A2F-4ED3-A908-253DBCA70E77}"
EndProject
Project("{2150E333-8FDC-42A3-9474-1A3956D46DE8}") = "Binaries", "Binaries", "{F2FA9A2A-BC0C-45DC-BF9B-CEDCA751235C}"
	ProjectSection(SolutionItems) = preProject
		Binaries\Microsoft.Expression.Interactions.dll = Binaries\Microsoft.Expression.Interactions.dll
		Binaries\MLib.dll = Binaries\MLib.dll
		Binaries\MWindowInterfacesLib.dll = Binaries\MWindowInterfacesLib.dll
		Binaries\MWindowLib.dll = Binaries\MWindowLib.dll
		Binaries\System.Windows.Interactivity.dll = Binaries\System.Windows.Interactivity.dll
	EndProjectSection
EndProject
Project("{2150E333-8FDC-42A3-9474-1A3956D46DE8}") = "FSC_Components", "FSC_Components", "{A6DFB022-E466-46DF-9A0A-97FB6BA37A6C}"
EndProject
Project("{FAE04EC0-301F-11D3-BF4B-00C04F79EFBC}") = "FileListView", "FSC_Components\FileListView\FileListView.csproj", "{735CF8EC-A4EF-49A2-BC72-EC360A0185A4}"
EndProject
Project("{FAE04EC0-301F-11D3-BF4B-00C04F79EFBC}") = "FileSystemModels", "FSC_Components\FileSystemModels\FileSystemModels.csproj", "{391639C4-5C43-4391-9465-27686E82C33F}"
EndProject
Project("{FAE04EC0-301F-11D3-BF4B-00C04F79EFBC}") = "FilterControlsLib", "FSC_Components\FilterControlsLib\FilterControlsLib.csproj", "{52F61815-3EC5-461B-BCE0-AB80B1C5B229}"
EndProject
Project("{FAE04EC0-301F-11D3-BF4B-00C04F79EFBC}") = "FolderBrowser", "FSC_Components\FolderBrowser\FolderBrowser.csproj", "{7D4BD5F8-A98E-4966-ABBD-CBE202DFBEF7}"
EndProject
Project("{FAE04EC0-301F-11D3-BF4B-00C04F79EFBC}") = "FolderControlsLib", "FSC_Components\FolderControlsLib\FolderControlsLib.csproj", "{511FA2D6-2022-4DE1-9A3E-731E04E8F10C}"
EndProject
Project("{FAE04EC0-301F-11D3-BF4B-00C04F79EFBC}") = "TestFileSystemModels", "FSC_Components\TestFileSystemModels\TestFileSystemModels.csproj", "{B0E0DBC0-4F7B-4B85-A1D8-510308AD0BA1}"
EndProject
Project("{2150E333-8FDC-42A3-9474-1A3956D46DE8}") = "Apps", "Apps", "{09B8A3FE-A325-481A-BB1D-98682DBDBB90}"
EndProject
Project("{FAE04EC0-301F-11D3-BF4B-00C04F79EFBC}") = "FolderBrowserDemo", "Apps\FolderBrowserDemo\FolderBrowserDemo.csproj", "{58BD0E02-6BFF-43F0-9B93-D3371E97794B}"
EndProject
Global
	GlobalSection(SolutionConfigurationPlatforms) = preSolution
		Debug|Any CPU = Debug|Any CPU
		Debug|x64 = Debug|x64
		Debug|x86 = Debug|x86
		Release|Any CPU = Release|Any CPU
		Release|x64 = Release|x64
		Release|x86 = Release|x86
	EndGlobalSection
	GlobalSection(ProjectConfigurationPlatforms) = postSolution
		{317E5BC2-A76E-4673-8D0E-92E6D4796231}.Debug|Any CPU.ActiveCfg = Debug|Any CPU
		{317E5BC2-A76E-4673-8D0E-92E6D4796231}.Debug|Any CPU.Build.0 = Debug|Any CPU
		{317E5BC2-A76E-4673-8D0E-92E6D4796231}.Debug|x64.ActiveCfg = Debug|Any CPU
		{317E5BC2-A76E-4673-8D0E-92E6D4796231}.Debug|x64.Build.0 = Debug|Any CPU
		{317E5BC2-A76E-4673-8D0E-92E6D4796231}.Debug|x86.ActiveCfg = Debug|Any CPU
		{317E5BC2-A76E-4673-8D0E-92E6D4796231}.Debug|x86.Build.0 = Debug|Any CPU
		{317E5BC2-A76E-4673-8D0E-92E6D4796231}.Release|Any CPU.ActiveCfg = Release|Any CPU
		{317E5BC2-A76E-4673-8D0E-92E6D4796231}.Release|Any CPU.Build.0 = Release|Any CPU
		{317E5BC2-A76E-4673-8D0E-92E6D4796231}.Release|x64.ActiveCfg = Release|Any CPU
		{317E5BC2-A76E-4673-8D0E-92E6D4796231}.Release|x64.Build.0 = Release|Any CPU
		{317E5BC2-A76E-4673-8D0E-92E6D4796231}.Release|x86.ActiveCfg = Release|Any CPU
		{317E5BC2-A76E-4673-8D0E-92E6D4796231}.Release|x86.Build.0 = Release|Any CPU
		{4670B970-4B36-42B3-BC50-A196C6A07A51}.Debug|Any CPU.ActiveCfg = Debug|Any CPU
		{4670B970-4B36-42B3-BC50-A196C6A07A51}.Debug|Any CPU.Build.0 = Debug|Any CPU
		{4670B970-4B36-42B3-BC50-A196C6A07A51}.Debug|x64.ActiveCfg = Debug|Any CPU
		{4670B970-4B36-42B3-BC50-A196C6A07A51}.Debug|x64.Build.0 = Debug|Any CPU
		{4670B970-4B36-42B3-BC50-A196C6A07A51}.Debug|x86.ActiveCfg = Debug|x86
		{4670B970-4B36-42B3-BC50-A196C6A07A51}.Debug|x86.Build.0 = Debug|x86
		{4670B970-4B36-42B3-BC50-A196C6A07A51}.Release|Any CPU.ActiveCfg = Release|Any CPU
		{4670B970-4B36-42B3-BC50-A196C6A07A51}.Release|Any CPU.Build.0 = Release|Any CPU
		{4670B970-4B36-42B3-BC50-A196C6A07A51}.Release|x64.ActiveCfg = Release|Any CPU
		{4670B970-4B36-42B3-BC50-A196C6A07A51}.Release|x64.Build.0 = Release|Any CPU
		{4670B970-4B36-42B3-BC50-A196C6A07A51}.Release|x86.ActiveCfg = Release|x86
		{4670B970-4B36-42B3-BC50-A196C6A07A51}.Release|x86.Build.0 = Release|x86
		{ABD0C546-0168-49B9-9C27-C7211293D461}.Debug|Any CPU.ActiveCfg = Debug|Any CPU
		{ABD0C546-0168-49B9-9C27-C7211293D461}.Debug|Any CPU.Build.0 = Debug|Any CPU
		{ABD0C546-0168-49B9-9C27-C7211293D461}.Debug|x64.ActiveCfg = Debug|Any CPU
		{ABD0C546-0168-49B9-9C27-C7211293D461}.Debug|x64.Build.0 = Debug|Any CPU
		{ABD0C546-0168-49B9-9C27-C7211293D461}.Debug|x86.ActiveCfg = Debug|Any CPU
		{ABD0C546-0168-49B9-9C27-C7211293D461}.Debug|x86.Build.0 = Debug|Any CPU
		{ABD0C546-0168-49B9-9C27-C7211293D461}.Release|Any CPU.ActiveCfg = Release|Any CPU
		{ABD0C546-0168-49B9-9C27-C7211293D461}.Release|Any CPU.Build.0 = Release|Any CPU
		{ABD0C546-0168-49B9-9C27-C7211293D461}.Release|x64.ActiveCfg = Release|Any CPU
		{ABD0C546-0168-49B9-9C27-C7211293D461}.Release|x64.Build.0 = Release|Any CPU
		{ABD0C546-0168-49B9-9C27-C7211293D461}.Release|x86.ActiveCfg = Release|Any CPU
		{ABD0C546-0168-49B9-9C27-C7211293D461}.Release|x86.Build.0 = Release|Any CPU
		{DEC77495-6E48-4F66-B22B-E9BA2CA6E257}.Debug|Any CPU.ActiveCfg = Debug|Any CPU
		{DEC77495-6E48-4F66-B22B-E9BA2CA6E257}.Debug|Any CPU.Build.0 = Debug|Any CPU
		{DEC77495-6E48-4F66-B22B-E9BA2CA6E257}.Debug|x64.ActiveCfg = Debug|x64
		{DEC77495-6E48-4F66-B22B-E9BA2CA6E257}.Debug|x64.Build.0 = Debug|x64
		{DEC77495-6E48-4F66-B22B-E9BA2CA6E257}.Debug|x86.ActiveCfg = Debug|x86
		{DEC77495-6E48-4F66-B22B-E9BA2CA6E257}.Debug|x86.Build.0 = Debug|x86
		{DEC77495-6E48-4F66-B22B-E9BA2CA6E257}.Release|Any CPU.ActiveCfg = Release|Any CPU
		{DEC77495-6E48-4F66-B22B-E9BA2CA6E257}.Release|Any CPU.Build.0 = Release|Any CPU
		{DEC77495-6E48-4F66-B22B-E9BA2CA6E257}.Release|x64.ActiveCfg = Release|x64
		{DEC77495-6E48-4F66-B22B-E9BA2CA6E257}.Release|x64.Build.0 = Release|x64
		{DEC77495-6E48-4F66-B22B-E9BA2CA6E257}.Release|x86.ActiveCfg = Release|x86
		{DEC77495-6E48-4F66-B22B-E9BA2CA6E257}.Release|x86.Build.0 = Release|x86
		{252126D1-E1D9-49C3-910B-FCF2266265EF}.Debug|Any CPU.ActiveCfg = Debug|Any CPU
		{252126D1-E1D9-49C3-910B-FCF2266265EF}.Debug|Any CPU.Build.0 = Debug|Any CPU
		{252126D1-E1D9-49C3-910B-FCF2266265EF}.Debug|x64.ActiveCfg = Debug|x64
		{252126D1-E1D9-49C3-910B-FCF2266265EF}.Debug|x64.Build.0 = Debug|x64
		{252126D1-E1D9-49C3-910B-FCF2266265EF}.Debug|x86.ActiveCfg = Debug|x86
		{252126D1-E1D9-49C3-910B-FCF2266265EF}.Debug|x86.Build.0 = Debug|x86
		{252126D1-E1D9-49C3-910B-FCF2266265EF}.Release|Any CPU.ActiveCfg = Release|Any CPU
		{252126D1-E1D9-49C3-910B-FCF2266265EF}.Release|Any CPU.Build.0 = Release|Any CPU
		{252126D1-E1D9-49C3-910B-FCF2266265EF}.Release|x64.ActiveCfg = Release|x64
		{252126D1-E1D9-49C3-910B-FCF2266265EF}.Release|x64.Build.0 = Release|x64
		{252126D1-E1D9-49C3-910B-FCF2266265EF}.Release|x86.ActiveCfg = Release|x86
		{252126D1-E1D9-49C3-910B-FCF2266265EF}.Release|x86.Build.0 = Release|x86
		{2807B493-CC2E-402E-901A-EB138698FEDC}.Debug|Any CPU.ActiveCfg = Debug|Any CPU
		{2807B493-CC2E-402E-901A-EB138698FEDC}.Debug|Any CPU.Build.0 = Debug|Any CPU
		{2807B493-CC2E-402E-901A-EB138698FEDC}.Debug|x64.ActiveCfg = Debug|x64
		{2807B493-CC2E-402E-901A-EB138698FEDC}.Debug|x64.Build.0 = Debug|x64
		{2807B493-CC2E-402E-901A-EB138698FEDC}.Debug|x86.ActiveCfg = Debug|x86
		{2807B493-CC2E-402E-901A-EB138698FEDC}.Debug|x86.Build.0 = Debug|x86
		{2807B493-CC2E-402E-901A-EB138698FEDC}.Release|Any CPU.ActiveCfg = Release|Any CPU
		{2807B493-CC2E-402E-901A-EB138698FEDC}.Release|Any CPU.Build.0 = Release|Any CPU
		{2807B493-CC2E-402E-901A-EB138698FEDC}.Release|x64.ActiveCfg = Release|x64
		{2807B493-CC2E-402E-901A-EB138698FEDC}.Release|x64.Build.0 = Release|x64
		{2807B493-CC2E-402E-901A-EB138698FEDC}.Release|x86.ActiveCfg = Release|x86
		{2807B493-CC2E-402E-901A-EB138698FEDC}.Release|x86.Build.0 = Release|x86
		{9B0BA841-5A2F-4ED3-A908-253DBCA70E77}.Debug|Any CPU.ActiveCfg = Debug|Any CPU
		{9B0BA841-5A2F-4ED3-A908-253DBCA70E77}.Debug|Any CPU.Build.0 = Debug|Any CPU
		{9B0BA841-5A2F-4ED3-A908-253DBCA70E77}.Debug|x64.ActiveCfg = Debug|x64
		{9B0BA841-5A2F-4ED3-A908-253DBCA70E77}.Debug|x64.Build.0 = Debug|x64
		{9B0BA841-5A2F-4ED3-A908-253DBCA70E77}.Debug|x86.ActiveCfg = Debug|x86
		{9B0BA841-5A2F-4ED3-A908-253DBCA70E77}.Debug|x86.Build.0 = Debug|x86
		{9B0BA841-5A2F-4ED3-A908-253DBCA70E77}.Release|Any CPU.ActiveCfg = Release|Any CPU
		{9B0BA841-5A2F-4ED3-A908-253DBCA70E77}.Release|Any CPU.Build.0 = Release|Any CPU
		{9B0BA841-5A2F-4ED3-A908-253DBCA70E77}.Release|x64.ActiveCfg = Release|x64
		{9B0BA841-5A2F-4ED3-A908-253DBCA70E77}.Release|x64.Build.0 = Release|x64
		{9B0BA841-5A2F-4ED3-A908-253DBCA70E77}.Release|x86.ActiveCfg = Release|x86
		{9B0BA841-5A2F-4ED3-A908-253DBCA70E77}.Release|x86.Build.0 = Release|x86
		{735CF8EC-A4EF-49A2-BC72-EC360A0185A4}.Debug|Any CPU.ActiveCfg = Debug|Any CPU
		{735CF8EC-A4EF-49A2-BC72-EC360A0185A4}.Debug|Any CPU.Build.0 = Debug|Any CPU
		{735CF8EC-A4EF-49A2-BC72-EC360A0185A4}.Debug|x64.ActiveCfg = Debug|Any CPU
		{735CF8EC-A4EF-49A2-BC72-EC360A0185A4}.Debug|x64.Build.0 = Debug|Any CPU
		{735CF8EC-A4EF-49A2-BC72-EC360A0185A4}.Debug|x86.ActiveCfg = Debug|x86
		{735CF8EC-A4EF-49A2-BC72-EC360A0185A4}.Debug|x86.Build.0 = Debug|x86
		{735CF8EC-A4EF-49A2-BC72-EC360A0185A4}.Release|Any CPU.ActiveCfg = Release|Any CPU
		{735CF8EC-A4EF-49A2-BC72-EC360A0185A4}.Release|Any CPU.Build.0 = Release|Any CPU
		{735CF8EC-A4EF-49A2-BC72-EC360A0185A4}.Release|x64.ActiveCfg = Release|Any CPU
		{735CF8EC-A4EF-49A2-BC72-EC360A0185A4}.Release|x64.Build.0 = Release|Any CPU
		{735CF8EC-A4EF-49A2-BC72-EC360A0185A4}.Release|x86.ActiveCfg = Release|x86
		{735CF8EC-A4EF-49A2-BC72-EC360A0185A4}.Release|x86.Build.0 = Release|x86
		{391639C4-5C43-4391-9465-27686E82C33F}.Debug|Any CPU.ActiveCfg = Debug|Any CPU
		{391639C4-5C43-4391-9465-27686E82C33F}.Debug|Any CPU.Build.0 = Debug|Any CPU
		{391639C4-5C43-4391-9465-27686E82C33F}.Debug|x64.ActiveCfg = Debug|x64
		{391639C4-5C43-4391-9465-27686E82C33F}.Debug|x64.Build.0 = Debug|x64
		{391639C4-5C43-4391-9465-27686E82C33F}.Debug|x86.ActiveCfg = Debug|x86
		{391639C4-5C43-4391-9465-27686E82C33F}.Debug|x86.Build.0 = Debug|x86
		{391639C4-5C43-4391-9465-27686E82C33F}.Release|Any CPU.ActiveCfg = Release|Any CPU
		{391639C4-5C43-4391-9465-27686E82C33F}.Release|Any CPU.Build.0 = Release|Any CPU
		{391639C4-5C43-4391-9465-27686E82C33F}.Release|x64.ActiveCfg = Release|x64
		{391639C4-5C43-4391-9465-27686E82C33F}.Release|x64.Build.0 = Release|x64
		{391639C4-5C43-4391-9465-27686E82C33F}.Release|x86.ActiveCfg = Release|x86
		{391639C4-5C43-4391-9465-27686E82C33F}.Release|x86.Build.0 = Release|x86
		{52F61815-3EC5-461B-BCE0-AB80B1C5B229}.Debug|Any CPU.ActiveCfg = Debug|Any CPU
		{52F61815-3EC5-461B-BCE0-AB80B1C5B229}.Debug|Any CPU.Build.0 = Debug|Any CPU
		{52F61815-3EC5-461B-BCE0-AB80B1C5B229}.Debug|x64.ActiveCfg = Debug|Any CPU
		{52F61815-3EC5-461B-BCE0-AB80B1C5B229}.Debug|x64.Build.0 = Debug|Any CPU
		{52F61815-3EC5-461B-BCE0-AB80B1C5B229}.Debug|x86.ActiveCfg = Debug|Any CPU
		{52F61815-3EC5-461B-BCE0-AB80B1C5B229}.Debug|x86.Build.0 = Debug|Any CPU
		{52F61815-3EC5-461B-BCE0-AB80B1C5B229}.Release|Any CPU.ActiveCfg = Release|Any CPU
		{52F61815-3EC5-461B-BCE0-AB80B1C5B229}.Release|Any CPU.Build.0 = Release|Any CPU
		{52F61815-3EC5-461B-BCE0-AB80B1C5B229}.Release|x64.ActiveCfg = Release|Any CPU
		{52F61815-3EC5-461B-BCE0-AB80B1C5B229}.Release|x64.Build.0 = Release|Any CPU
		{52F61815-3EC5-461B-BCE0-AB80B1C5B229}.Release|x86.ActiveCfg = Release|Any CPU
		{52F61815-3EC5-461B-BCE0-AB80B1C5B229}.Release|x86.Build.0 = Release|Any CPU
		{7D4BD5F8-A98E-4966-ABBD-CBE202DFBEF7}.Debug|Any CPU.ActiveCfg = Debug|Any CPU
		{7D4BD5F8-A98E-4966-ABBD-CBE202DFBEF7}.Debug|Any CPU.Build.0 = Debug|Any CPU
		{7D4BD5F8-A98E-4966-ABBD-CBE202DFBEF7}.Debug|x64.ActiveCfg = Debug|x64
		{7D4BD5F8-A98E-4966-ABBD-CBE202DFBEF7}.Debug|x64.Build.0 = Debug|x64
		{7D4BD5F8-A98E-4966-ABBD-CBE202DFBEF7}.Debug|x86.ActiveCfg = Debug|x86
		{7D4BD5F8-A98E-4966-ABBD-CBE202DFBEF7}.Debug|x86.Build.0 = Debug|x86
		{7D4BD5F8-A98E-4966-ABBD-CBE202DFBEF7}.Release|Any CPU.ActiveCfg = Release|Any CPU
		{7D4BD5F8-A98E-4966-ABBD-CBE202DFBEF7}.Release|Any CPU.Build.0 = Release|Any CPU
		{7D4BD5F8-A98E-4966-ABBD-CBE202DFBEF7}.Release|x64.ActiveCfg = Release|x64
		{7D4BD5F8-A98E-4966-ABBD-CBE202DFBEF7}.Release|x64.Build.0 = Release|x64
		{7D4BD5F8-A98E-4966-ABBD-CBE202DFBEF7}.Release|x86.ActiveCfg = Release|x86
		{7D4BD5F8-A98E-4966-ABBD-CBE202DFBEF7}.Release|x86.Build.0 = Release|x86
		{511FA2D6-2022-4DE1-9A3E-731E04E8F10C}.Debug|Any CPU.ActiveCfg = Debug|Any CPU
		{511FA2D6-2022-4DE1-9A3E-731E04E8F10C}.Debug|Any CPU.Build.0 = Debug|Any CPU
		{511FA2D6-2022-4DE1-9A3E-731E04E8F10C}.Debug|x64.ActiveCfg = Debug|Any CPU
		{511FA2D6-2022-4DE1-9A3E-731E04E8F10C}.Debug|x64.Build.0 = Debug|Any CPU
		{511FA2D6-2022-4DE1-9A3E-731E04E8F10C}.Debug|x86.ActiveCfg = Debug|Any CPU
		{511FA2D6-2022-4DE1-9A3E-731E04E8F10C}.Debug|x86.Build.0 = Debug|Any CPU
		{511FA2D6-2022-4DE1-9A3E-731E04E8F10C}.Release|Any CPU.ActiveCfg = Release|Any CPU
		{511FA2D6-2022-4DE1-9A3E-731E04E8F10C}.Release|Any CPU.Build.0 = Release|Any CPU
		{511FA2D6-2022-4DE1-9A3E-731E04E8F10C}.Release|x64.ActiveCfg = Release|Any CPU
		{511FA2D6-2022-4DE1-9A3E-731E04E8F10C}.Release|x64.Build.0 = Release|Any CPU
		{511FA2D6-2022-4DE1-9A3E-731E04E8F10C}.Release|x86.ActiveCfg = Release|Any CPU
		{511FA2D6-2022-4DE1-9A3E-731E04E8F10C}.Release|x86.Build.0 = Release|Any CPU
		{B0E0DBC0-4F7B-4B85-A1D8-510308AD0BA1}.Debug|Any CPU.ActiveCfg = Debug|Any CPU
		{B0E0DBC0-4F7B-4B85-A1D8-510308AD0BA1}.Debug|Any CPU.Build.0 = Debug|Any CPU
		{B0E0DBC0-4F7B-4B85-A1D8-510308AD0BA1}.Debug|x64.ActiveCfg = Debug|Any CPU
		{B0E0DBC0-4F7B-4B85-A1D8-510308AD0BA1}.Debug|x64.Build.0 = Debug|Any CPU
		{B0E0DBC0-4F7B-4B85-A1D8-510308AD0BA1}.Debug|x86.ActiveCfg = Debug|Any CPU
		{B0E0DBC0-4F7B-4B85-A1D8-510308AD0BA1}.Debug|x86.Build.0 = Debug|Any CPU
		{B0E0DBC0-4F7B-4B85-A1D8-510308AD0BA1}.Release|Any CPU.ActiveCfg = Release|Any CPU
		{B0E0DBC0-4F7B-4B85-A1D8-510308AD0BA1}.Release|Any CPU.Build.0 = Release|Any CPU
		{B0E0DBC0-4F7B-4B85-A1D8-510308AD0BA1}.Release|x64.ActiveCfg = Release|Any CPU
		{B0E0DBC0-4F7B-4B85-A1D8-510308AD0BA1}.Release|x64.Build.0 = Release|Any CPU
		{B0E0DBC0-4F7B-4B85-A1D8-510308AD0BA1}.Release|x86.ActiveCfg = Release|Any CPU
		{B0E0DBC0-4F7B-4B85-A1D8-510308AD0BA1}.Release|x86.Build.0 = Release|Any CPU
		{58BD0E02-6BFF-43F0-9B93-D3371E97794B}.Debug|Any CPU.ActiveCfg = Debug|Any CPU
		{58BD0E02-6BFF-43F0-9B93-D3371E97794B}.Debug|Any CPU.Build.0 = Debug|Any CPU
		{58BD0E02-6BFF-43F0-9B93-D3371E97794B}.Debug|x64.ActiveCfg = Debug|x64
		{58BD0E02-6BFF-43F0-9B93-D3371E97794B}.Debug|x64.Build.0 = Debug|x64
		{58BD0E02-6BFF-43F0-9B93-D3371E97794B}.Debug|x86.ActiveCfg = Debug|x86
		{58BD0E02-6BFF-43F0-9B93-D3371E97794B}.Debug|x86.Build.0 = Debug|x86
		{58BD0E02-6BFF-43F0-9B93-D3371E97794B}.Release|Any CPU.ActiveCfg = Release|Any CPU
		{58BD0E02-6BFF-43F0-9B93-D3371E97794B}.Release|Any CPU.Build.0 = Release|Any CPU
		{58BD0E02-6BFF-43F0-9B93-D3371E97794B}.Release|x64.ActiveCfg = Release|x64
		{58BD0E02-6BFF-43F0-9B93-D3371E97794B}.Release|x64.Build.0 = Release|x64
		{58BD0E02-6BFF-43F0-9B93-D3371E97794B}.Release|x86.ActiveCfg = Release|x86
		{58BD0E02-6BFF-43F0-9B93-D3371E97794B}.Release|x86.Build.0 = Release|x86
	EndGlobalSection
	GlobalSection(SolutionProperties) = preSolution
		HideSolutionNode = FALSE
	EndGlobalSection
	GlobalSection(NestedProjects) = preSolution
		{317E5BC2-A76E-4673-8D0E-92E6D4796231} = {09B8A3FE-A325-481A-BB1D-98682DBDBB90}
		{4670B970-4B36-42B3-BC50-A196C6A07A51} = {09B8A3FE-A325-481A-BB1D-98682DBDBB90}
		{ABD0C546-0168-49B9-9C27-C7211293D461} = {09B8A3FE-A325-481A-BB1D-98682DBDBB90}
		{DEC77495-6E48-4F66-B22B-E9BA2CA6E257} = {09B8A3FE-A325-481A-BB1D-98682DBDBB90}
		{252126D1-E1D9-49C3-910B-FCF2266265EF} = {3C4A6BBD-0C02-4E1D-9CAD-8E030C8F6560}
		{F4A2F193-4F08-40A0-8B9D-4416DA8D46E0} = {3C4A6BBD-0C02-4E1D-9CAD-8E030C8F6560}
		{2807B493-CC2E-402E-901A-EB138698FEDC} = {F4A2F193-4F08-40A0-8B9D-4416DA8D46E0}
		{9B0BA841-5A2F-4ED3-A908-253DBCA70E77} = {F4A2F193-4F08-40A0-8B9D-4416DA8D46E0}
		{735CF8EC-A4EF-49A2-BC72-EC360A0185A4} = {A6DFB022-E466-46DF-9A0A-97FB6BA37A6C}
		{391639C4-5C43-4391-9465-27686E82C33F} = {A6DFB022-E466-46DF-9A0A-97FB6BA37A6C}
		{52F61815-3EC5-461B-BCE0-AB80B1C5B229} = {A6DFB022-E466-46DF-9A0A-97FB6BA37A6C}
		{7D4BD5F8-A98E-4966-ABBD-CBE202DFBEF7} = {A6DFB022-E466-46DF-9A0A-97FB6BA37A6C}
		{511FA2D6-2022-4DE1-9A3E-731E04E8F10C} = {A6DFB022-E466-46DF-9A0A-97FB6BA37A6C}
		{B0E0DBC0-4F7B-4B85-A1D8-510308AD0BA1} = {A6DFB022-E466-46DF-9A0A-97FB6BA37A6C}
		{58BD0E02-6BFF-43F0-9B93-D3371E97794B} = {09B8A3FE-A325-481A-BB1D-98682DBDBB90}
	EndGlobalSection
	GlobalSection(ExtensibilityGlobals) = postSolution
		SolutionGuid = {144C3921-07C6-4389-88FC-D4B3A44AA733}
	EndGlobalSection
EndGlobal
